
Microsoft Visual Studio Solution File, Format Version 12.00
# Visual Studio Version 17
VisualStudioVersion = 17.5.002.0
MinimumVisualStudioVersion = 10.0.40219.1
Project("{9A19103F-16F7-4668-BE54-9A1E7A4F7556}") = "Tradutube", "Tradutube.csproj", "{DA4405E9-A908-4CEA-9D03-079197029281}"
EndProject
Global
	GlobalSection(SolutionConfigurationPlatforms) = preSolution
		Debug|Any CPU = Debug|Any CPU
		Release|Any CPU = Release|Any CPU
	EndGlobalSection
	GlobalSection(ProjectConfigurationPlatforms) = postSolution
		{DA4405E9-A908-4CEA-9D03-079197029281}.Debug|Any CPU.ActiveCfg = Debug|Any CPU
		{DA4405E9-A908-4CEA-9D03-079197029281}.Debug|Any CPU.Build.0 = Debug|Any CPU
		{DA4405E9-A908-4CEA-9D03-079197029281}.Release|Any CPU.ActiveCfg = Release|Any CPU
		{DA4405E9-A908-4CEA-9D03-079197029281}.Release|Any CPU.Build.0 = Release|Any CPU
	EndGlobalSection
	GlobalSection(SolutionProperties) = preSolution
		HideSolutionNode = FALSE
	EndGlobalSection
	GlobalSection(ExtensibilityGlobals) = postSolution
		SolutionGuid = {F7993B41-FD1B-4F46-9321-7FA7215B6548}
	EndGlobalSection
EndGlobal
